
Microsoft Visual Studio Solution File, Format Version 12.00
# Visual Studio 2013
VisualStudioVersion = 12.0.30723.0
MinimumVisualStudioVersion = 10.0.40219.1
Project("{FAE04EC0-301F-11D3-BF4B-00C04F79EFBC}") = "AlbumSystem.Models", "AlbumSystem.Models\AlbumSystem.Models.csproj", "{9DE3CD41-265C-48AC-BF9B-F3B4E5DC9787}"
EndProject
Project("{FAE04EC0-301F-11D3-BF4B-00C04F79EFBC}") = "AlbumSystem.Data", "AlbumSystem.Data\AlbumSystem.Data.csproj", "{125B799F-F0BD-4541-8A4F-2BA05DF5A712}"
EndProject
Project("{FAE04EC0-301F-11D3-BF4B-00C04F79EFBC}") = "AlbumSystem.Services", "AlbumSystem.Services\AlbumSystem.Services.csproj", "{314AB7FC-0831-4436-AAA8-C8693D3FE09E}"
EndProject
Project("{FAE04EC0-301F-11D3-BF4B-00C04F79EFBC}") = "AlbumSystem.ConsoleClient", "AlbumSystem.ConsoleClient\AlbumSystem.ConsoleClient.csproj", "{C8B30EB4-1538-4F21-9D34-F8968E940759}"
EndProject
Global
	GlobalSection(SolutionConfigurationPlatforms) = preSolution
		Debug|Any CPU = Debug|Any CPU
		Release|Any CPU = Release|Any CPU
	EndGlobalSection
	GlobalSection(ProjectConfigurationPlatforms) = postSolution
		{9DE3CD41-265C-48AC-BF9B-F3B4E5DC9787}.Debug|Any CPU.ActiveCfg = Debug|Any CPU
		{9DE3CD41-265C-48AC-BF9B-F3B4E5DC9787}.Debug|Any CPU.Build.0 = Debug|Any CPU
		{9DE3CD41-265C-48AC-BF9B-F3B4E5DC9787}.Release|Any CPU.ActiveCfg = Release|Any CPU
		{9DE3CD41-265C-48AC-BF9B-F3B4E5DC9787}.Release|Any CPU.Build.0 = Release|Any CPU
		{125B799F-F0BD-4541-8A4F-2BA05DF5A712}.Debug|Any CPU.ActiveCfg = Debug|Any CPU
		{125B799F-F0BD-4541-8A4F-2BA05DF5A712}.Debug|Any CPU.Build.0 = Debug|Any CPU
		{125B799F-F0BD-4541-8A4F-2BA05DF5A712}.Release|Any CPU.ActiveCfg = Release|Any CPU
		{125B799F-F0BD-4541-8A4F-2BA05DF5A712}.Release|Any CPU.Build.0 = Release|Any CPU
		{314AB7FC-0831-4436-AAA8-C8693D3FE09E}.Debug|Any CPU.ActiveCfg = Debug|Any CPU
		{314AB7FC-0831-4436-AAA8-C8693D3FE09E}.Debug|Any CPU.Build.0 = Debug|Any CPU
		{314AB7FC-0831-4436-AAA8-C8693D3FE09E}.Release|Any CPU.ActiveCfg = Release|Any CPU
		{314AB7FC-0831-4436-AAA8-C8693D3FE09E}.Release|Any CPU.Build.0 = Release|Any CPU
		{C8B30EB4-1538-4F21-9D34-F8968E940759}.Debug|Any CPU.ActiveCfg = Debug|Any CPU
		{C8B30EB4-1538-4F21-9D34-F8968E940759}.Debug|Any CPU.Build.0 = Debug|Any CPU
		{C8B30EB4-1538-4F21-9D34-F8968E940759}.Release|Any CPU.ActiveCfg = Release|Any CPU
		{C8B30EB4-1538-4F21-9D34-F8968E940759}.Release|Any CPU.Build.0 = Release|Any CPU
	EndGlobalSection
	GlobalSection(SolutionProperties) = preSolution
		HideSolutionNode = FALSE
	EndGlobalSection
EndGlobal
